
Microsoft Visual Studio Solution File, Format Version 12.00
# Visual Studio Version 17
VisualStudioVersion = 17.7.34024.191
MinimumVisualStudioVersion = 10.0.40219.1
Project("{9A19103F-16F7-4668-BE54-9A1E7A4F7556}") = "EchoBot", "EchoBot\EchoBot.csproj", "{A643B87F-4D7A-4A27-8FEB-51ADA5D331CD}"
EndProject
Global
	GlobalSection(SolutionConfigurationPlatforms) = preSolution
		Debug|x64 = Debug|x64
		Release|x64 = Release|x64
	EndGlobalSection
	GlobalSection(ProjectConfigurationPlatforms) = postSolution
		{A643B87F-4D7A-4A27-8FEB-51ADA5D331CD}.Debug|x64.ActiveCfg = Debug|x64
		{A643B87F-4D7A-4A27-8FEB-51ADA5D331CD}.Debug|x64.Build.0 = Debug|x64
		{A643B87F-4D7A-4A27-8FEB-51ADA5D331CD}.Release|x64.ActiveCfg = Release|x64
		{A643B87F-4D7A-4A27-8FEB-51ADA5D331CD}.Release|x64.Build.0 = Release|x64
	EndGlobalSection
	GlobalSection(SolutionProperties) = preSolution
		HideSolutionNode = FALSE
	EndGlobalSection
	GlobalSection(ExtensibilityGlobals) = postSolution
		SolutionGuid = {0B7A3029-DF69-4628-B17D-376CECB13CCE}
	EndGlobalSection
EndGlobal
