
Microsoft Visual Studio Solution File, Format Version 12.00
# Visual Studio 15
VisualStudioVersion = 15.0.28307.1000
MinimumVisualStudioVersion = 10.0.40219.1
Project("{9A19103F-16F7-4668-BE54-9A1E7A4F7556}") = "GroupCallBot", "GroupCallBot.csproj", "{5D6DBCDA-A7A3-4927-A7AC-BAFA0E699DFC}"
EndProject
Project("{9A19103F-16F7-4668-BE54-9A1E7A4F7556}") = "Sample.Common", "..\..\..\Common\Sample.Common\Sample.Common.csproj", "{A2B6397A-512B-417B-B864-21B043C590A6}"
EndProject
Global
	GlobalSection(SolutionConfigurationPlatforms) = preSolution
		Debug|Any CPU = Debug|Any CPU
		Release|Any CPU = Release|Any CPU
	EndGlobalSection
	GlobalSection(ProjectConfigurationPlatforms) = postSolution
		{5D6DBCDA-A7A3-4927-A7AC-BAFA0E699DFC}.Debug|Any CPU.ActiveCfg = Debug|Any CPU
		{5D6DBCDA-A7A3-4927-A7AC-BAFA0E699DFC}.Debug|Any CPU.Build.0 = Debug|Any CPU
		{5D6DBCDA-A7A3-4927-A7AC-BAFA0E699DFC}.Release|Any CPU.ActiveCfg = Release|Any CPU
		{5D6DBCDA-A7A3-4927-A7AC-BAFA0E699DFC}.Release|Any CPU.Build.0 = Release|Any CPU
		{A2B6397A-512B-417B-B864-21B043C590A6}.Debug|Any CPU.ActiveCfg = Debug|Any CPU
		{A2B6397A-512B-417B-B864-21B043C590A6}.Debug|Any CPU.Build.0 = Debug|Any CPU
		{A2B6397A-512B-417B-B864-21B043C590A6}.Release|Any CPU.ActiveCfg = Release|Any CPU
		{A2B6397A-512B-417B-B864-21B043C590A6}.Release|Any CPU.Build.0 = Release|Any CPU
	EndGlobalSection
	GlobalSection(SolutionProperties) = preSolution
		HideSolutionNode = FALSE
	EndGlobalSection
	GlobalSection(ExtensibilityGlobals) = postSolution
		SolutionGuid = {DD06C385-4B8B-4535-AB13-669AF2F6BCEE}
	EndGlobalSection
EndGlobal
