dependencies:
- name: cert-manager
  repository: https://charts.jetstack.io
  version: v1.13.2
- name: ingress-nginx
  repository: https://kubernetes.github.io/ingress-nginx
  version: 4.8.3
digest: sha256:c2ebed9bfcf0ae016d15b576453e9e42a459b1e4d4bf9c1f8ed6ef763c91f46f
generated: "2023-11-27T14:29:26.6895132+01:00"
